
Microsoft Visual Studio Solution File, Format Version 12.00
# Visual Studio Version 17
VisualStudioVersion = 17.0.31903.59
MinimumVisualStudioVersion = 10.0.40219.1
Project("{9A19103F-16F7-4668-BE54-9A1E7A4F7556}") = "Api", "Api\Api.csproj", "{213FAA93-5140-421D-904E-96DA01E026EF}"
EndProject
Project("{FAE04EC0-301F-11D3-BF4B-00C04F79EFBC}") = "Infrastructure.Observability", "Infrastructure.Observability\Infrastructure.Observability.csproj", "{FB1754CD-C09C-4BCF-A56D-F26BAE08A991}"
EndProject
Global
	GlobalSection(SolutionConfigurationPlatforms) = preSolution
		Debug|Any CPU = Debug|Any CPU
		Release|Any CPU = Release|Any CPU
	EndGlobalSection
	GlobalSection(ProjectConfigurationPlatforms) = postSolution
		{213FAA93-5140-421D-904E-96DA01E026EF}.Debug|Any CPU.ActiveCfg = Debug|Any CPU
		{213FAA93-5140-421D-904E-96DA01E026EF}.Debug|Any CPU.Build.0 = Debug|Any CPU
		{213FAA93-5140-421D-904E-96DA01E026EF}.Release|Any CPU.ActiveCfg = Release|Any CPU
		{213FAA93-5140-421D-904E-96DA01E026EF}.Release|Any CPU.Build.0 = Release|Any CPU
		{FB1754CD-C09C-4BCF-A56D-F26BAE08A991}.Debug|Any CPU.ActiveCfg = Debug|Any CPU
		{FB1754CD-C09C-4BCF-A56D-F26BAE08A991}.Debug|Any CPU.Build.0 = Debug|Any CPU
		{FB1754CD-C09C-4BCF-A56D-F26BAE08A991}.Release|Any CPU.ActiveCfg = Release|Any CPU
		{FB1754CD-C09C-4BCF-A56D-F26BAE08A991}.Release|Any CPU.Build.0 = Release|Any CPU
	EndGlobalSection
	GlobalSection(SolutionProperties) = preSolution
		HideSolutionNode = FALSE
	EndGlobalSection
	GlobalSection(ExtensibilityGlobals) = postSolution
		SolutionGuid = {BCF2E73D-B47A-4832-AD82-E6B25A1ED749}
	EndGlobalSection
EndGlobal
